
Microsoft Visual Studio Solution File, Format Version 12.00
# Visual Studio 15
Project("{FAE04EC0-301F-11D3-BF4B-00C04F79EFBC}") = "MSGraphAPI-LargeAttachment", "MSGraphAPI-LargeAttachment\MSGraphAPI-LargeAttachment.csproj", "{30E956A5-FD97-4945-8D03-F65669E96BA0}"
EndProject
Global
	GlobalSection(SolutionConfigurationPlatforms) = preSolution
		Debug|Any CPU = Debug|Any CPU
		Release|Any CPU = Release|Any CPU
	EndGlobalSection
	GlobalSection(ProjectConfigurationPlatforms) = postSolution
		{30E956A5-FD97-4945-8D03-F65669E96BA0}.Debug|Any CPU.ActiveCfg = Debug|Any CPU
		{30E956A5-FD97-4945-8D03-F65669E96BA0}.Debug|Any CPU.Build.0 = Debug|Any CPU
		{30E956A5-FD97-4945-8D03-F65669E96BA0}.Release|Any CPU.ActiveCfg = Release|Any CPU
		{30E956A5-FD97-4945-8D03-F65669E96BA0}.Release|Any CPU.Build.0 = Release|Any CPU
	EndGlobalSection
EndGlobal
